
Microsoft Visual Studio Solution File, Format Version 12.00
# Visual Studio 15
VisualStudioVersion = 15.0.27428.2005
MinimumVisualStudioVersion = 10.0.40219.1
Project("{FAE04EC0-301F-11D3-BF4B-00C04F79EFBC}") = "TicTacToeApp.Android", "TicTacToeApp\TicTacToeApp.Android\TicTacToeApp.Android.csproj", "{D3D9DC2A-E057-423A-AC59-EF21CB90652A}"
EndProject
Project("{FAE04EC0-301F-11D3-BF4B-00C04F79EFBC}") = "TicTacToeApp.iOS", "TicTacToeApp\TicTacToeApp.iOS\TicTacToeApp.iOS.csproj", "{F18220F3-FBDD-4A0B-9116-2700F28C1FC9}"
EndProject
Project("{FAE04EC0-301F-11D3-BF4B-00C04F79EFBC}") = "TicTacToeApp.UWP", "TicTacToeApp\TicTacToeApp.UWP\TicTacToeApp.UWP.csproj", "{B971B25C-D343-4131-8B5C-7ADD35D7D55F}"
EndProject
Project("{D954291E-2A0B-460D-934E-DC6B0785DB48}") = "TicTacToeApp", "TicTacToeApp\TicTacToeApp\TicTacToeApp.shproj", "{C673B914-194F-4ADE-9F53-B94FF376C061}"
EndProject
Global
	GlobalSection(SharedMSBuildProjectFiles) = preSolution
		TicTacToeApp\TicTacToeApp\TicTacToeApp.projitems*{b971b25c-d343-4131-8b5c-7add35d7d55f}*SharedItemsImports = 4
		TicTacToeApp\TicTacToeApp\TicTacToeApp.projitems*{c673b914-194f-4ade-9f53-b94ff376c061}*SharedItemsImports = 13
		TicTacToeApp\TicTacToeApp\TicTacToeApp.projitems*{d3d9dc2a-e057-423a-ac59-ef21cb90652a}*SharedItemsImports = 4
		TicTacToeApp\TicTacToeApp\TicTacToeApp.projitems*{f18220f3-fbdd-4a0b-9116-2700f28c1fc9}*SharedItemsImports = 4
	EndGlobalSection
	GlobalSection(SolutionConfigurationPlatforms) = preSolution
		Ad-Hoc|Any CPU = Ad-Hoc|Any CPU
		Ad-Hoc|ARM = Ad-Hoc|ARM
		Ad-Hoc|iPhone = Ad-Hoc|iPhone
		Ad-Hoc|iPhoneSimulator = Ad-Hoc|iPhoneSimulator
		Ad-Hoc|x64 = Ad-Hoc|x64
		Ad-Hoc|x86 = Ad-Hoc|x86
		AppStore|Any CPU = AppStore|Any CPU
		AppStore|ARM = AppStore|ARM
		AppStore|iPhone = AppStore|iPhone
		AppStore|iPhoneSimulator = AppStore|iPhoneSimulator
		AppStore|x64 = AppStore|x64
		AppStore|x86 = AppStore|x86
		Debug|Any CPU = Debug|Any CPU
		Debug|ARM = Debug|ARM
		Debug|iPhone = Debug|iPhone
		Debug|iPhoneSimulator = Debug|iPhoneSimulator
		Debug|x64 = Debug|x64
		Debug|x86 = Debug|x86
		Release|Any CPU = Release|Any CPU
		Release|ARM = Release|ARM
		Release|iPhone = Release|iPhone
		Release|iPhoneSimulator = Release|iPhoneSimulator
		Release|x64 = Release|x64
		Release|x86 = Release|x86
	EndGlobalSection
	GlobalSection(ProjectConfigurationPlatforms) = postSolution
		{D3D9DC2A-E057-423A-AC59-EF21CB90652A}.Ad-Hoc|Any CPU.ActiveCfg = Release|Any CPU
		{D3D9DC2A-E057-423A-AC59-EF21CB90652A}.Ad-Hoc|Any CPU.Build.0 = Release|Any CPU
		{D3D9DC2A-E057-423A-AC59-EF21CB90652A}.Ad-Hoc|Any CPU.Deploy.0 = Release|Any CPU
		{D3D9DC2A-E057-423A-AC59-EF21CB90652A}.Ad-Hoc|ARM.ActiveCfg = Release|Any CPU
		{D3D9DC2A-E057-423A-AC59-EF21CB90652A}.Ad-Hoc|ARM.Build.0 = Release|Any CPU
		{D3D9DC2A-E057-423A-AC59-EF21CB90652A}.Ad-Hoc|ARM.Deploy.0 = Release|Any CPU
		{D3D9DC2A-E057-423A-AC59-EF21CB90652A}.Ad-Hoc|iPhone.ActiveCfg = Release|Any CPU
		{D3D9DC2A-E057-423A-AC59-EF21CB90652A}.Ad-Hoc|iPhone.Build.0 = Release|Any CPU
		{D3D9DC2A-E057-423A-AC59-EF21CB90652A}.Ad-Hoc|iPhone.Deploy.0 = Release|Any CPU
		{D3D9DC2A-E057-423A-AC59-EF21CB90652A}.Ad-Hoc|iPhoneSimulator.ActiveCfg = Release|Any CPU
		{D3D9DC2A-E057-423A-AC59-EF21CB90652A}.Ad-Hoc|iPhoneSimulator.Build.0 = Release|Any CPU
		{D3D9DC2A-E057-423A-AC59-EF21CB90652A}.Ad-Hoc|iPhoneSimulator.Deploy.0 = Release|Any CPU
		{D3D9DC2A-E057-423A-AC59-EF21CB90652A}.Ad-Hoc|x64.ActiveCfg = Release|Any CPU
		{D3D9DC2A-E057-423A-AC59-EF21CB90652A}.Ad-Hoc|x64.Build.0 = Release|Any CPU
		{D3D9DC2A-E057-423A-AC59-EF21CB90652A}.Ad-Hoc|x64.Deploy.0 = Release|Any CPU
		{D3D9DC2A-E057-423A-AC59-EF21CB90652A}.Ad-Hoc|x86.ActiveCfg = Release|Any CPU
		{D3D9DC2A-E057-423A-AC59-EF21CB90652A}.Ad-Hoc|x86.Build.0 = Release|Any CPU
		{D3D9DC2A-E057-423A-AC59-EF21CB90652A}.Ad-Hoc|x86.Deploy.0 = Release|Any CPU
		{D3D9DC2A-E057-423A-AC59-EF21CB90652A}.AppStore|Any CPU.ActiveCfg = Release|Any CPU
		{D3D9DC2A-E057-423A-AC59-EF21CB90652A}.AppStore|Any CPU.Build.0 = Release|Any CPU
		{D3D9DC2A-E057-423A-AC59-EF21CB90652A}.AppStore|Any CPU.Deploy.0 = Release|Any CPU
		{D3D9DC2A-E057-423A-AC59-EF21CB90652A}.AppStore|ARM.ActiveCfg = Release|Any CPU
		{D3D9DC2A-E057-423A-AC59-EF21CB90652A}.AppStore|ARM.Build.0 = Release|Any CPU
		{D3D9DC2A-E057-423A-AC59-EF21CB90652A}.AppStore|ARM.Deploy.0 = Release|Any CPU
		{D3D9DC2A-E057-423A-AC59-EF21CB90652A}.AppStore|iPhone.ActiveCfg = Release|Any CPU
		{D3D9DC2A-E057-423A-AC59-EF21CB90652A}.AppStore|iPhone.Build.0 = Release|Any CPU
		{D3D9DC2A-E057-423A-AC59-EF21CB90652A}.AppStore|iPhone.Deploy.0 = Release|Any CPU
		{D3D9DC2A-E057-423A-AC59-EF21CB90652A}.AppStore|iPhoneSimulator.ActiveCfg = Release|Any CPU
		{D3D9DC2A-E057-423A-AC59-EF21CB90652A}.AppStore|iPhoneSimulator.Build.0 = Release|Any CPU
		{D3D9DC2A-E057-423A-AC59-EF21CB90652A}.AppStore|iPhoneSimulator.Deploy.0 = Release|Any CPU
		{D3D9DC2A-E057-423A-AC59-EF21CB90652A}.AppStore|x64.ActiveCfg = Release|Any CPU
		{D3D9DC2A-E057-423A-AC59-EF21CB90652A}.AppStore|x64.Build.0 = Release|Any CPU
		{D3D9DC2A-E057-423A-AC59-EF21CB90652A}.AppStore|x64.Deploy.0 = Release|Any CPU
		{D3D9DC2A-E057-423A-AC59-EF21CB90652A}.AppStore|x86.ActiveCfg = Release|Any CPU
		{D3D9DC2A-E057-423A-AC59-EF21CB90652A}.AppStore|x86.Build.0 = Release|Any CPU
		{D3D9DC2A-E057-423A-AC59-EF21CB90652A}.AppStore|x86.Deploy.0 = Release|Any CPU
		{D3D9DC2A-E057-423A-AC59-EF21CB90652A}.Debug|Any CPU.ActiveCfg = Debug|Any CPU
		{D3D9DC2A-E057-423A-AC59-EF21CB90652A}.Debug|Any CPU.Build.0 = Debug|Any CPU
		{D3D9DC2A-E057-423A-AC59-EF21CB90652A}.Debug|Any CPU.Deploy.0 = Debug|Any CPU
		{D3D9DC2A-E057-423A-AC59-EF21CB90652A}.Debug|ARM.ActiveCfg = Debug|Any CPU
		{D3D9DC2A-E057-423A-AC59-EF21CB90652A}.Debug|ARM.Build.0 = Debug|Any CPU
		{D3D9DC2A-E057-423A-AC59-EF21CB90652A}.Debug|ARM.Deploy.0 = Debug|Any CPU
		{D3D9DC2A-E057-423A-AC59-EF21CB90652A}.Debug|iPhone.ActiveCfg = Debug|Any CPU
		{D3D9DC2A-E057-423A-AC59-EF21CB90652A}.Debug|iPhone.Build.0 = Debug|Any CPU
		{D3D9DC2A-E057-423A-AC59-EF21CB90652A}.Debug|iPhone.Deploy.0 = Debug|Any CPU
		{D3D9DC2A-E057-423A-AC59-EF21CB90652A}.Debug|iPhoneSimulator.ActiveCfg = Debug|Any CPU
		{D3D9DC2A-E057-423A-AC59-EF21CB90652A}.Debug|iPhoneSimulator.Build.0 = Debug|Any CPU
		{D3D9DC2A-E057-423A-AC59-EF21CB90652A}.Debug|iPhoneSimulator.Deploy.0 = Debug|Any CPU
		{D3D9DC2A-E057-423A-AC59-EF21CB90652A}.Debug|x64.ActiveCfg = Debug|Any CPU
		{D3D9DC2A-E057-423A-AC59-EF21CB90652A}.Debug|x64.Build.0 = Debug|Any CPU
		{D3D9DC2A-E057-423A-AC59-EF21CB90652A}.Debug|x64.Deploy.0 = Debug|Any CPU
		{D3D9DC2A-E057-423A-AC59-EF21CB90652A}.Debug|x86.ActiveCfg = Debug|Any CPU
		{D3D9DC2A-E057-423A-AC59-EF21CB90652A}.Debug|x86.Build.0 = Debug|Any CPU
		{D3D9DC2A-E057-423A-AC59-EF21CB90652A}.Debug|x86.Deploy.0 = Debug|Any CPU
		{D3D9DC2A-E057-423A-AC59-EF21CB90652A}.Release|Any CPU.ActiveCfg = Release|Any CPU
		{D3D9DC2A-E057-423A-AC59-EF21CB90652A}.Release|Any CPU.Build.0 = Release|Any CPU
		{D3D9DC2A-E057-423A-AC59-EF21CB90652A}.Release|Any CPU.Deploy.0 = Release|Any CPU
		{D3D9DC2A-E057-423A-AC59-EF21CB90652A}.Release|ARM.ActiveCfg = Release|Any CPU
		{D3D9DC2A-E057-423A-AC59-EF21CB90652A}.Release|ARM.Build.0 = Release|Any CPU
		{D3D9DC2A-E057-423A-AC59-EF21CB90652A}.Release|ARM.Deploy.0 = Release|Any CPU
		{D3D9DC2A-E057-423A-AC59-EF21CB90652A}.Release|iPhone.ActiveCfg = Release|Any CPU
		{D3D9DC2A-E057-423A-AC59-EF21CB90652A}.Release|iPhone.Build.0 = Release|Any CPU
		{D3D9DC2A-E057-423A-AC59-EF21CB90652A}.Release|iPhone.Deploy.0 = Release|Any CPU
		{D3D9DC2A-E057-423A-AC59-EF21CB90652A}.Release|iPhoneSimulator.ActiveCfg = Release|Any CPU
		{D3D9DC2A-E057-423A-AC59-EF21CB90652A}.Release|iPhoneSimulator.Build.0 = Release|Any CPU
		{D3D9DC2A-E057-423A-AC59-EF21CB90652A}.Release|iPhoneSimulator.Deploy.0 = Release|Any CPU
		{D3D9DC2A-E057-423A-AC59-EF21CB90652A}.Release|x64.ActiveCfg = Release|Any CPU
		{D3D9DC2A-E057-423A-AC59-EF21CB90652A}.Release|x64.Build.0 = Release|Any CPU
		{D3D9DC2A-E057-423A-AC59-EF21CB90652A}.Release|x64.Deploy.0 = Release|Any CPU
		{D3D9DC2A-E057-423A-AC59-EF21CB90652A}.Release|x86.ActiveCfg = Release|Any CPU
		{D3D9DC2A-E057-423A-AC59-EF21CB90652A}.Release|x86.Build.0 = Release|Any CPU
		{D3D9DC2A-E057-423A-AC59-EF21CB90652A}.Release|x86.Deploy.0 = Release|Any CPU
		{F18220F3-FBDD-4A0B-9116-2700F28C1FC9}.Ad-Hoc|Any CPU.ActiveCfg = Ad-Hoc|iPhone
		{F18220F3-FBDD-4A0B-9116-2700F28C1FC9}.Ad-Hoc|ARM.ActiveCfg = Ad-Hoc|iPhone
		{F18220F3-FBDD-4A0B-9116-2700F28C1FC9}.Ad-Hoc|iPhone.ActiveCfg = Ad-Hoc|iPhone
		{F18220F3-FBDD-4A0B-9116-2700F28C1FC9}.Ad-Hoc|iPhone.Build.0 = Ad-Hoc|iPhone
		{F18220F3-FBDD-4A0B-9116-2700F28C1FC9}.Ad-Hoc|iPhoneSimulator.ActiveCfg = Ad-Hoc|iPhoneSimulator
		{F18220F3-FBDD-4A0B-9116-2700F28C1FC9}.Ad-Hoc|iPhoneSimulator.Build.0 = Ad-Hoc|iPhoneSimulator
		{F18220F3-FBDD-4A0B-9116-2700F28C1FC9}.Ad-Hoc|x64.ActiveCfg = Ad-Hoc|iPhone
		{F18220F3-FBDD-4A0B-9116-2700F28C1FC9}.Ad-Hoc|x86.ActiveCfg = Ad-Hoc|iPhone
		{F18220F3-FBDD-4A0B-9116-2700F28C1FC9}.AppStore|Any CPU.ActiveCfg = AppStore|iPhone
		{F18220F3-FBDD-4A0B-9116-2700F28C1FC9}.AppStore|ARM.ActiveCfg = AppStore|iPhone
		{F18220F3-FBDD-4A0B-9116-2700F28C1FC9}.AppStore|iPhone.ActiveCfg = AppStore|iPhone
		{F18220F3-FBDD-4A0B-9116-2700F28C1FC9}.AppStore|iPhone.Build.0 = AppStore|iPhone
		{F18220F3-FBDD-4A0B-9116-2700F28C1FC9}.AppStore|iPhoneSimulator.ActiveCfg = AppStore|iPhoneSimulator
		{F18220F3-FBDD-4A0B-9116-2700F28C1FC9}.AppStore|iPhoneSimulator.Build.0 = AppStore|iPhoneSimulator
		{F18220F3-FBDD-4A0B-9116-2700F28C1FC9}.AppStore|x64.ActiveCfg = AppStore|iPhone
		{F18220F3-FBDD-4A0B-9116-2700F28C1FC9}.AppStore|x86.ActiveCfg = AppStore|iPhone
		{F18220F3-FBDD-4A0B-9116-2700F28C1FC9}.Debug|Any CPU.ActiveCfg = Debug|iPhone
		{F18220F3-FBDD-4A0B-9116-2700F28C1FC9}.Debug|ARM.ActiveCfg = Debug|iPhone
		{F18220F3-FBDD-4A0B-9116-2700F28C1FC9}.Debug|iPhone.ActiveCfg = Debug|iPhone
		{F18220F3-FBDD-4A0B-9116-2700F28C1FC9}.Debug|iPhone.Build.0 = Debug|iPhone
		{F18220F3-FBDD-4A0B-9116-2700F28C1FC9}.Debug|iPhoneSimulator.ActiveCfg = Debug|iPhoneSimulator
		{F18220F3-FBDD-4A0B-9116-2700F28C1FC9}.Debug|iPhoneSimulator.Build.0 = Debug|iPhoneSimulator
		{F18220F3-FBDD-4A0B-9116-2700F28C1FC9}.Debug|x64.ActiveCfg = Debug|iPhone
		{F18220F3-FBDD-4A0B-9116-2700F28C1FC9}.Debug|x86.ActiveCfg = Debug|iPhone
		{F18220F3-FBDD-4A0B-9116-2700F28C1FC9}.Release|Any CPU.ActiveCfg = Release|iPhone
		{F18220F3-FBDD-4A0B-9116-2700F28C1FC9}.Release|ARM.ActiveCfg = Release|iPhone
		{F18220F3-FBDD-4A0B-9116-2700F28C1FC9}.Release|iPhone.ActiveCfg = Release|iPhone
		{F18220F3-FBDD-4A0B-9116-2700F28C1FC9}.Release|iPhone.Build.0 = Release|iPhone
		{F18220F3-FBDD-4A0B-9116-2700F28C1FC9}.Release|iPhoneSimulator.ActiveCfg = Release|iPhoneSimulator
		{F18220F3-FBDD-4A0B-9116-2700F28C1FC9}.Release|iPhoneSimulator.Build.0 = Release|iPhoneSimulator
		{F18220F3-FBDD-4A0B-9116-2700F28C1FC9}.Release|x64.ActiveCfg = Release|iPhone
		{F18220F3-FBDD-4A0B-9116-2700F28C1FC9}.Release|x86.ActiveCfg = Release|iPhone
		{B971B25C-D343-4131-8B5C-7ADD35D7D55F}.Ad-Hoc|Any CPU.ActiveCfg = Release|x86
		{B971B25C-D343-4131-8B5C-7ADD35D7D55F}.Ad-Hoc|Any CPU.Build.0 = Release|x86
		{B971B25C-D343-4131-8B5C-7ADD35D7D55F}.Ad-Hoc|Any CPU.Deploy.0 = Release|x86
		{B971B25C-D343-4131-8B5C-7ADD35D7D55F}.Ad-Hoc|ARM.ActiveCfg = Release|ARM
		{B971B25C-D343-4131-8B5C-7ADD35D7D55F}.Ad-Hoc|ARM.Build.0 = Release|ARM
		{B971B25C-D343-4131-8B5C-7ADD35D7D55F}.Ad-Hoc|ARM.Deploy.0 = Release|ARM
		{B971B25C-D343-4131-8B5C-7ADD35D7D55F}.Ad-Hoc|iPhone.ActiveCfg = Release|x86
		{B971B25C-D343-4131-8B5C-7ADD35D7D55F}.Ad-Hoc|iPhone.Build.0 = Release|x86
		{B971B25C-D343-4131-8B5C-7ADD35D7D55F}.Ad-Hoc|iPhone.Deploy.0 = Release|x86
		{B971B25C-D343-4131-8B5C-7ADD35D7D55F}.Ad-Hoc|iPhoneSimulator.ActiveCfg = Release|x86
		{B971B25C-D343-4131-8B5C-7ADD35D7D55F}.Ad-Hoc|iPhoneSimulator.Build.0 = Release|x86
		{B971B25C-D343-4131-8B5C-7ADD35D7D55F}.Ad-Hoc|iPhoneSimulator.Deploy.0 = Release|x86
		{B971B25C-D343-4131-8B5C-7ADD35D7D55F}.Ad-Hoc|x64.ActiveCfg = Release|x64
		{B971B25C-D343-4131-8B5C-7ADD35D7D55F}.Ad-Hoc|x64.Build.0 = Release|x64
		{B971B25C-D343-4131-8B5C-7ADD35D7D55F}.Ad-Hoc|x64.Deploy.0 = Release|x64
		{B971B25C-D343-4131-8B5C-7ADD35D7D55F}.Ad-Hoc|x86.ActiveCfg = Release|x86
		{B971B25C-D343-4131-8B5C-7ADD35D7D55F}.Ad-Hoc|x86.Build.0 = Release|x86
		{B971B25C-D343-4131-8B5C-7ADD35D7D55F}.Ad-Hoc|x86.Deploy.0 = Release|x86
		{B971B25C-D343-4131-8B5C-7ADD35D7D55F}.AppStore|Any CPU.ActiveCfg = Release|x86
		{B971B25C-D343-4131-8B5C-7ADD35D7D55F}.AppStore|Any CPU.Build.0 = Release|x86
		{B971B25C-D343-4131-8B5C-7ADD35D7D55F}.AppStore|Any CPU.Deploy.0 = Release|x86
		{B971B25C-D343-4131-8B5C-7ADD35D7D55F}.AppStore|ARM.ActiveCfg = Release|ARM
		{B971B25C-D343-4131-8B5C-7ADD35D7D55F}.AppStore|ARM.Build.0 = Release|ARM
		{B971B25C-D343-4131-8B5C-7ADD35D7D55F}.AppStore|ARM.Deploy.0 = Release|ARM
		{B971B25C-D343-4131-8B5C-7ADD35D7D55F}.AppStore|iPhone.ActiveCfg = Release|x86
		{B971B25C-D343-4131-8B5C-7ADD35D7D55F}.AppStore|iPhone.Build.0 = Release|x86
		{B971B25C-D343-4131-8B5C-7ADD35D7D55F}.AppStore|iPhone.Deploy.0 = Release|x86
		{B971B25C-D343-4131-8B5C-7ADD35D7D55F}.AppStore|iPhoneSimulator.ActiveCfg = Release|x86
		{B971B25C-D343-4131-8B5C-7ADD35D7D55F}.AppStore|iPhoneSimulator.Build.0 = Release|x86
		{B971B25C-D343-4131-8B5C-7ADD35D7D55F}.AppStore|iPhoneSimulator.Deploy.0 = Release|x86
		{B971B25C-D343-4131-8B5C-7ADD35D7D55F}.AppStore|x64.ActiveCfg = Release|x64
		{B971B25C-D343-4131-8B5C-7ADD35D7D55F}.AppStore|x64.Build.0 = Release|x64
		{B971B25C-D343-4131-8B5C-7ADD35D7D55F}.AppStore|x64.Deploy.0 = Release|x64
		{B971B25C-D343-4131-8B5C-7ADD35D7D55F}.AppStore|x86.ActiveCfg = Release|x86
		{B971B25C-D343-4131-8B5C-7ADD35D7D55F}.AppStore|x86.Build.0 = Release|x86
		{B971B25C-D343-4131-8B5C-7ADD35D7D55F}.AppStore|x86.Deploy.0 = Release|x86
		{B971B25C-D343-4131-8B5C-7ADD35D7D55F}.Debug|Any CPU.ActiveCfg = Debug|x86
		{B971B25C-D343-4131-8B5C-7ADD35D7D55F}.Debug|ARM.ActiveCfg = Debug|ARM
		{B971B25C-D343-4131-8B5C-7ADD35D7D55F}.Debug|ARM.Build.0 = Debug|ARM
		{B971B25C-D343-4131-8B5C-7ADD35D7D55F}.Debug|ARM.Deploy.0 = Debug|ARM
		{B971B25C-D343-4131-8B5C-7ADD35D7D55F}.Debug|iPhone.ActiveCfg = Debug|x86
		{B971B25C-D343-4131-8B5C-7ADD35D7D55F}.Debug|iPhoneSimulator.ActiveCfg = Debug|x86
		{B971B25C-D343-4131-8B5C-7ADD35D7D55F}.Debug|x64.ActiveCfg = Debug|x64
		{B971B25C-D343-4131-8B5C-7ADD35D7D55F}.Debug|x64.Build.0 = Debug|x64
		{B971B25C-D343-4131-8B5C-7ADD35D7D55F}.Debug|x64.Deploy.0 = Debug|x64
		{B971B25C-D343-4131-8B5C-7ADD35D7D55F}.Debug|x86.ActiveCfg = Debug|x86
		{B971B25C-D343-4131-8B5C-7ADD35D7D55F}.Debug|x86.Build.0 = Debug|x86
		{B971B25C-D343-4131-8B5C-7ADD35D7D55F}.Debug|x86.Deploy.0 = Debug|x86
		{B971B25C-D343-4131-8B5C-7ADD35D7D55F}.Release|Any CPU.ActiveCfg = Release|x86
		{B971B25C-D343-4131-8B5C-7ADD35D7D55F}.Release|ARM.ActiveCfg = Release|ARM
		{B971B25C-D343-4131-8B5C-7ADD35D7D55F}.Release|ARM.Build.0 = Release|ARM
		{B971B25C-D343-4131-8B5C-7ADD35D7D55F}.Release|ARM.Deploy.0 = Release|ARM
		{B971B25C-D343-4131-8B5C-7ADD35D7D55F}.Release|iPhone.ActiveCfg = Release|x86
		{B971B25C-D343-4131-8B5C-7ADD35D7D55F}.Release|iPhoneSimulator.ActiveCfg = Release|x86
		{B971B25C-D343-4131-8B5C-7ADD35D7D55F}.Release|x64.ActiveCfg = Release|x64
		{B971B25C-D343-4131-8B5C-7ADD35D7D55F}.Release|x64.Build.0 = Release|x64
		{B971B25C-D343-4131-8B5C-7ADD35D7D55F}.Release|x64.Deploy.0 = Release|x64
		{B971B25C-D343-4131-8B5C-7ADD35D7D55F}.Release|x86.ActiveCfg = Release|x86
		{B971B25C-D343-4131-8B5C-7ADD35D7D55F}.Release|x86.Build.0 = Release|x86
		{B971B25C-D343-4131-8B5C-7ADD35D7D55F}.Release|x86.Deploy.0 = Release|x86
	EndGlobalSection
	GlobalSection(SolutionProperties) = preSolution
		HideSolutionNode = FALSE
	EndGlobalSection
	GlobalSection(ExtensibilityGlobals) = postSolution
		SolutionGuid = {9F3DAD06-50B3-48BB-A2A9-9379AFA45F88}
	EndGlobalSection
EndGlobal
